lockfileVersion: '6.0'

settings:
  autoInstallPeers: true
  excludeLinksFromLockfile: false

dependencies:
  '@alchzh/mangadex-theme':
    specifier: ^1.1.2
    version: 1.1.2

packages:

  /@alchzh/mangadex-theme@1.1.2:
    resolution: {integrity: sha512-FKgUSaL/YqlfEeEbb+kfB4u0Ausj3/bUFTiP+1OF8CikR3m1cCRlHct7R4fmfhxL+x+jhOKv3Hupl4gU4bQhAw==, tarball: https://npm.pkg.github.com/download/@alchzh/mangadex-theme/1.1.2/91554fa66206aa4acc6f5fc103a263753b3053a2}
    hasBin: true
    dependencies:
      commander: 11.1.0
      deepmerge: 4.3.1
      get-stdin-with-tty: 6.0.0
    dev: false

  /commander@11.1.0:
    resolution: {integrity: sha512-yPVavfyCcRhmorC7rWlkHn15b4wDVgVmBA7kV4QVBsF7kv/9TKJAbAXVTxvTnwP8HHKjRCJDClKbciiYS7p0DQ==}
    engines: {node: '>=16'}
    dev: false

  /deepmerge@4.3.1:
    resolution: {integrity: sha512-3sUqbMEc77XqpdNO7FRyRog+eW3ph+GYCbj+rK+uYyRMuwsVy0rMiVtPn+QJlKFvWP/1PYpapqYn0Me2knFn+A==}
    engines: {node: '>=0.10.0'}
    dev: false

  /get-stdin-with-tty@6.0.0:
    resolution: {integrity: sha512-QY6Xh/uF+jRiXwDOcQbmYV+Mb09WoxGrH0TV8sooHIIsVKA5jv5zNkMjqW1SSuNOcwUbBirBFyPYG2kQa62EBw==}
    engines: {node: '>=8'}
    dev: false
